{
  "requires": true,
  "lockfileVersion": 1,
  "dependencies": {
    "@vue-leaflet/vue-leaflet": {
      "version": "0.6.1",
      "resolved": "https://registry.npmjs.org/@vue-leaflet/vue-leaflet/-/vue-leaflet-0.6.1.tgz",
      "integrity": "sha512-/sm0bdrdftXh5nSGEPsoKrJI1D/GtKiEsBo9X/TA2yu4lYTDcaem6U4t1Ea5CoLleiZRCNUrZr9PG/xHdUPXYA==",
      "dev": true
    },
    "leaflet": {
      "version": "1.7.1",
      "resolved": "https://registry.npmjs.org/leaflet/-/leaflet-1.7.1.tgz",
      "integrity": "sha512-/xwPEBidtg69Q3HlqPdU3DnrXQOvQU/CCHA1tcDQVzOwm91YMYaILjNp7L4Eaw5Z4sOYdbBz6koWyibppd8Zqw=="
    }
  }
}
